version = 1
revision = 1
requires-python = ">=3.13"

[[package]]
name = "builddb-rest"
version = "0.1.0"
source = { editable = "." }
dependencies = [
    { name = "cbbuild-database" },
    { name = "cbbuild-util" },
    { name = "cornice" },
    { name = "pyramid" },
    { name = "waitress" },
]

[package.metadata]
requires-dist = [
    { name = "cbbuild-database" },
    { name = "cbbuild-util" },
    { name = "cornice" },
    { name = "pyramid" },
    { name = "waitress" },
]

[[package]]
name = "cbbuild-database"
version = "0.8.1"
source = { registry = "https://pypi.org/simple" }
dependencies = [
    { name = "couchbase" },
]
sdist = { url = "https://files.pythonhosted.org/packages/0c/ac/6c5e00a560fb0df0ac2d5c2d18a0f530658224951e5778d4c3ab7d9935d8/cbbuild_database-0.8.1.tar.gz", hash = "sha256:67c21e15653b21c32521f56a7e143b984fbaf54f7d191ef775d578aca3620835", size = 2796 }
wheels = [
    { url = "https://files.pythonhosted.org/packages/37/1d/f676ba46fd49236d763fd63a86b9aea53da3ef0779edf6b1cb08d1b017d7/cbbuild_database-0.8.1-py3-none-any.whl", hash = "sha256:fa54bf7886c61c08b494d06531aed2742076633137c0b43aab138fc1b5216719", size = 3244 },
]

[[package]]
name = "cbbuild-util"
version = "0.7.0"
source = { registry = "https://pypi.org/simple" }
dependencies = [
    { name = "dulwich" },
    { name = "lxml" },
    { name = "requests" },
]
sdist = { url = "https://files.pythonhosted.org/packages/87/70/c629f974c710d75e50eb1f3a6eab68777e8fabe8727bfe0514c56da4230c/cbbuild_util-0.7.0.tar.gz", hash = "sha256:492ccd19c66f56d46ace9f18553eb4940d983912dd524a4ab9fc7cfad429f51a", size = 6815 }
wheels = [
    { url = "https://files.pythonhosted.org/packages/14/c1/be769644faaf4f6d0e5a75513371fa01bf43798544b767f22707d119657f/cbbuild_util-0.7.0-py3-none-any.whl", hash = "sha256:56551f907a3796d097c15b227826dafeb036a93fd34ff7a93aa1f28b811a797c", size = 7518 },
]

[[package]]
name = "certifi"
version = "2025.1.31"
source = { registry = "https://pypi.org/simple" }
sdist = { url = "https://files.pythonhosted.org/packages/1c/ab/c9f1e32b7b1bf505bf26f0ef697775960db7932abeb7b516de930ba2705f/certifi-2025.1.31.tar.gz", hash = "sha256:3d5da6925056f6f18f119200434a4780a94263f10d1c21d032a6f6b2baa20651", size = 167577 }
wheels = [
    { url = "https://files.pythonhosted.org/packages/38/fc/bce832fd4fd99766c04d1ee0eead6b0ec6486fb100ae5e74c1d91292b982/certifi-2025.1.31-py3-none-any.whl", hash = "sha256:ca78db4565a652026a4db2bcdf68f2fb589ea80d0be70e03929ed730746b84fe", size = 166393 },
]

[[package]]
name = "charset-normalizer"
version = "3.4.1"
source = { registry = "https://pypi.org/simple" }
sdist = { url = "https://files.pythonhosted.org/packages/16/b0/572805e227f01586461c80e0fd25d65a2115599cc9dad142fee4b747c357/charset_normalizer-3.4.1.tar.gz", hash = "sha256:44251f18cd68a75b56585dd00dae26183e102cd5e0f9f1466e6df5da2ed64ea3", size = 123188 }
wheels = [
    { url = "https://files.pythonhosted.org/packages/38/94/ce8e6f63d18049672c76d07d119304e1e2d7c6098f0841b51c666e9f44a0/charset_normalizer-3.4.1-cp313-cp313-macosx_10_13_universal2.whl", hash = "sha256:aabfa34badd18f1da5ec1bc2715cadc8dca465868a4e73a0173466b688f29dda", size = 195698 },
    { url = "https://files.pythonhosted.org/packages/24/2e/dfdd9770664aae179a96561cc6952ff08f9a8cd09a908f259a9dfa063568/charset_normalizer-3.4.1-cp313-cp313-manylinux_2_17_aarch64.manylinux2014_aarch64.whl", hash = "sha256:22e14b5d70560b8dd51ec22863f370d1e595ac3d024cb8ad7d308b4cd95f8313", size = 140162 },
    { url = "https://files.pythonhosted.org/packages/24/4e/f646b9093cff8fc86f2d60af2de4dc17c759de9d554f130b140ea4738ca6/charset_normalizer-3.4.1-cp313-cp313-manylinux_2_17_ppc64le.manylinux2014_ppc64le.whl", hash = "sha256:8436c508b408b82d87dc5f62496973a1805cd46727c34440b0d29d8a2f50a6c9", size = 150263 },
    { url = "https://files.pythonhosted.org/packages/5e/67/2937f8d548c3ef6e2f9aab0f6e21001056f692d43282b165e7c56023e6dd/charset_normalizer-3.4.1-cp313-cp313-manylinux_2_17_s390x.manylinux2014_s390x.whl", hash = "sha256:2d074908e1aecee37a7635990b2c6d504cd4766c7bc9fc86d63f9c09af3fa11b", size = 142966 },
    { url = "https://files.pythonhosted.org/packages/52/ed/b7f4f07de100bdb95c1756d3a4d17b90c1a3c53715c1a476f8738058e0fa/charset_normalizer-3.4.1-cp313-cp313-manylinux_2_17_x86_64.manylinux2014_x86_64.whl", hash = "sha256:955f8851919303c92343d2f66165294848d57e9bba6cf6e3625485a70a038d11", size = 144992 },
    { url = "https://files.pythonhosted.org/packages/96/2c/d49710a6dbcd3776265f4c923bb73ebe83933dfbaa841c5da850fe0fd20b/charset_normalizer-3.4.1-cp313-cp313-manylinux_2_5_i686.manylinux1_i686.manylinux_2_17_i686.manylinux2014_i686.whl", hash = "sha256:44ecbf16649486d4aebafeaa7ec4c9fed8b88101f4dd612dcaf65d5e815f837f", size = 147162 },
    { url = "https://files.pythonhosted.org/packages/b4/41/35ff1f9a6bd380303dea55e44c4933b4cc3c4850988927d4082ada230273/charset_normalizer-3.4.1-cp313-cp313-musllinux_1_2_aarch64.whl", hash = "sha256:0924e81d3d5e70f8126529951dac65c1010cdf117bb75eb02dd12339b57749dd", size = 140972 },
    { url = "https://files.pythonhosted.org/packages/fb/43/c6a0b685fe6910d08ba971f62cd9c3e862a85770395ba5d9cad4fede33ab/charset_normalizer-3.4.1-cp313-cp313-musllinux_1_2_i686.whl", hash = "sha256:2967f74ad52c3b98de4c3b32e1a44e32975e008a9cd2a8cc8966d6a5218c5cb2", size = 149095 },
    { url = "https://files.pythonhosted.org/packages/4c/ff/a9a504662452e2d2878512115638966e75633519ec11f25fca3d2049a94a/charset_normalizer-3.4.1-cp313-cp313-musllinux_1_2_ppc64le.whl", hash = "sha256:c75cb2a3e389853835e84a2d8fb2b81a10645b503eca9bcb98df6b5a43eb8886", size = 152668 },
    { url = "https://files.pythonhosted.org/packages/6c/71/189996b6d9a4b932564701628af5cee6716733e9165af1d5e1b285c530ed/charset_normalizer-3.4.1-cp313-cp313-musllinux_1_2_s390x.whl", hash = "sha256:09b26ae6b1abf0d27570633b2b078a2a20419c99d66fb2823173d73f188ce601", size = 150073 },
    { url = "https://files.pythonhosted.org/packages/e4/93/946a86ce20790e11312c87c75ba68d5f6ad2208cfb52b2d6a2c32840d922/charset_normalizer-3.4.1-cp313-cp313-musllinux_1_2_x86_64.whl", hash = "sha256:fa88b843d6e211393a37219e6a1c1df99d35e8fd90446f1118f4216e307e48cd", size = 145732 },
    { url = "https://files.pythonhosted.org/packages/cd/e5/131d2fb1b0dddafc37be4f3a2fa79aa4c037368be9423061dccadfd90091/charset_normalizer-3.4.1-cp313-cp313-win32.whl", hash = "sha256:eb8178fe3dba6450a3e024e95ac49ed3400e506fd4e9e5c32d30adda88cbd407", size = 95391 },
    { url = "https://files.pythonhosted.org/packages/27/f2/4f9a69cc7712b9b5ad8fdb87039fd89abba997ad5cbe690d1835d40405b0/charset_normalizer-3.4.1-cp313-cp313-win_amd64.whl", hash = "sha256:b1ac5992a838106edb89654e0aebfc24f5848ae2547d22c2c3f66454daa11971", size = 102702 },
    { url = "https://files.pythonhosted.org/packages/0e/f6/65ecc6878a89bb1c23a086ea335ad4bf21a588990c3f535a227b9eea9108/charset_normalizer-3.4.1-py3-none-any.whl", hash = "sha256:d98b1668f06378c6dbefec3b92299716b931cd4e6061f3c875a71ced1780ab85", size = 49767 },
]

[[package]]
name = "cornice"
version = "6.1.0"
source = { registry = "https://pypi.org/simple" }
dependencies = [
    { name = "pyramid" },
]
sdist = { url = "https://files.pythonhosted.org/packages/24/ed/24f0a45b0ae9d1633c8d32d6f14592eab6bcfddd1cb5df5c0073f4f185d1/cornice-6.1.0.tar.gz", hash = "sha256:bfd1b6c2a991a7ccb1b2082b6de9e3b8f198b6a2b4a07ab0800e05df05a45361", size = 146106 }
wheels = [
    { url = "https://files.pythonhosted.org/packages/c2/a1/12b4a55223bcdd70e8a494984637782b0453700bbf92ae6665a577322ac1/cornice-6.1.0-py3-none-any.whl", hash = "sha256:320b026998a30099bace43484664eb0a4db37eff0dfc6f7733cec183ec3174ad", size = 28675 },
]

[[package]]
name = "couchbase"
version = "4.3.5"
source = { registry = "https://pypi.org/simple" }
sdist = { url = "https://files.pythonhosted.org/packages/31/6d/560ce2b7a93c6d90777008f39616e86bdf6c0f9bdcff685f7047d71786a6/couchbase-4.3.5.tar.gz", hash = "sha256:2e2f239b2959ece983195e3ee17a9142bc75b23b0f6733031198648a5f1107ed", size = 6514248 }
wheels = [
    { url = "https://files.pythonhosted.org/packages/e5/a5/d4fec9aa9ddda69b6c63dd3ed56b6eabcd2d55bf70c047f9505d9347124f/couchbase-4.3.5-cp313-cp313-macosx_10_15_x86_64.whl", hash = "sha256:4f1462a0a353a13203f21313b17b30a5e13a2f86205b5437b4f5bd86878ad2aa", size = 4775363 },
    { url = "https://files.pythonhosted.org/packages/0c/76/ac23a4ce4b99500c9ddff1890167b3f69308bbd7f182825ffa8e00e5f451/couchbase-4.3.5-cp313-cp313-macosx_11_0_arm64.whl", hash = "sha256:d13924326834f81eae2ecb820119bc80460d6b556eb9cad63c5214ddd12e408e", size = 4297936 },
    { url = "https://files.pythonhosted.org/packages/55/0c/332337ca95961b431bef46c3577edc7272ca16bb0dc0bbd6f68d9b3f6ce4/couchbase-4.3.5-cp313-cp313-manylinux2014_aarch64.manylinux_2_17_aarch64.whl", hash = "sha256:c12ffcdbf11ab959c69f6e96f9e2aa9259c84ef9771cd3f10fa3930dade2fb2f", size = 4803523 },
    { url = "https://files.pythonhosted.org/packages/65/a7/5bd6fa0742bf6034166962a4bc8336b4194f82da298dad6837b3c0a2eaf7/couchbase-4.3.5-cp313-cp313-manylinux2014_x86_64.manylinux_2_17_x86_64.whl", hash = "sha256:9deee11a39765455a326fd66d570163543cdaf65dc95e0e44c257dd14febdd3e", size = 5022641 },
    { url = "https://files.pythonhosted.org/packages/c3/e6/67d19b60656e9c5956b7cf3ef4ca1ea28d34c1339bb77ce58e34cd390894/couchbase-4.3.5-cp313-cp313-musllinux_1_1_x86_64.whl", hash = "sha256:693675658668e83685f6e3d8a969ffb0447a48e74efe6fa77dadca281fa72b8d", size = 5675393 },
    { url = "https://files.pythonhosted.org/packages/18/43/4eca7ca72cf7b3c5c99afa2336a13cddeb10925dedfaea4db2b9026fb154/couchbase-4.3.5-cp313-cp313-win_amd64.whl", hash = "sha256:3b6aaeb3aea49c2b8f891e3dbaf8e5d73d049badee784bef14c6f24098528db9", size = 4016956 },
]

[[package]]
name = "dulwich"
version = "0.22.8"
source = { registry = "https://pypi.org/simple" }
dependencies = [
    { name = "urllib3" },
]
sdist = { url = "https://files.pythonhosted.org/packages/d4/8b/0f2de00c0c0d5881dc39be147ec2918725fb3628deeeb1f27d1c6cf6d9f4/dulwich-0.22.8.tar.gz", hash = "sha256:701547310415de300269331abe29cb5717aa1ea377af826bf513d0adfb1c209b", size = 466542 }
wheels = [
    { url = "https://files.pythonhosted.org/packages/dc/b7/78116bfe8860edca277d00ac243749c8b94714dc3b4608f0c23fa7f4b78e/dulwich-0.22.8-cp313-cp313-macosx_11_0_arm64.whl", hash = "sha256:dbade3342376be1cd2409539fe1b901d2d57a531106bbae204da921ef4456a74", size = 915617 },
    { url = "https://files.pythonhosted.org/packages/a1/af/28c317a83d6ae9ca93a8decfaa50f09b25a73134f5087a98f51fa5a2d784/dulwich-0.22.8-cp313-cp313-manylinux_2_17_aarch64.manylinux2014_aarch64.whl", hash = "sha256:71420ffb6deebc59b2ce875e63d814509f9c1dc89c76db962d547aebf15670c7", size = 991271 },
    { url = "https://files.pythonhosted.org/packages/84/a0/64a0376f79c7fb87ec6e6d9a0e2157f3196d1f5f75618c402645ac5ccf19/dulwich-0.22.8-cp313-cp313-manylinux_2_17_x86_64.manylinux2014_x86_64.whl", hash = "sha256:a626adbfac44646a125618266a24133763bdc992bf8bd0702910d67e6b994443", size = 999791 },
    { url = "https://files.pythonhosted.org/packages/63/c3/260f060ededcdf5f13a7e63a36329c95225bf8e8c3f50aeca6820850b56a/dulwich-0.22.8-cp313-cp313-manylinux_2_5_i686.manylinux1_i686.manylinux_2_17_i686.manylinux2014_i686.whl", hash = "sha256:0f1476c9c4e4ede95714d06c4831883a26680e37b040b8b6230f506e5ba39f51", size = 1043970 },
    { url = "https://files.pythonhosted.org/packages/11/47/2bc02dd1c25eb13cb3cd20cd5a55dd9d7b9fa6af95ed574dd913dd67a0fb/dulwich-0.22.8-cp313-cp313-win32.whl", hash = "sha256:b2b31913932bb5bd41658dd398b33b1a2d4d34825123ad54e40912cfdfe60003", size = 590548 },
    { url = "https://files.pythonhosted.org/packages/f3/17/66368fa9d4cffd52663d20354a74aa42d3a6d998f1a462e30aff38c99d25/dulwich-0.22.8-cp313-cp313-win_amd64.whl", hash = "sha256:7a44e5a61a7989aca1e301d39cfb62ad2f8853368682f524d6e878b4115d823d", size = 608200 },
    { url = "https://files.pythonhosted.org/packages/37/56/395c6d82d4d9eb7a7ab62939c99db5b746995b0f3ad3b31f43c15e3e07a0/dulwich-0.22.8-py3-none-any.whl", hash = "sha256:ffc7a02e62b72884de58baaa3b898b7f6427893e79b1289ffa075092efe59181", size = 273071 },
]

[[package]]
name = "hupper"
version = "1.12.1"
source = { registry = "https://pypi.org/simple" }
sdist = { url = "https://files.pythonhosted.org/packages/bd/e6/bb064537288eee2be97f3e0fcad8e7242bc5bbe9664ae57c7d29b3fa18c2/hupper-1.12.1.tar.gz", hash = "sha256:06bf54170ff4ecf4c84ad5f188dee3901173ab449c2608ad05b9bfd6b13e32eb", size = 43231 }
wheels = [
    { url = "https://files.pythonhosted.org/packages/86/7d/3888833e4f5ea56af4a9935066ec09a83228e533d7b8877f65889d706ee4/hupper-1.12.1-py3-none-any.whl", hash = "sha256:e872b959f09d90be5fb615bd2e62de89a0b57efc037bdf9637fb09cdf8552b19", size = 22830 },
]

[[package]]
name = "idna"
version = "3.10"
source = { registry = "https://pypi.org/simple" }
sdist = { url = "https://files.pythonhosted.org/packages/f1/70/7703c29685631f5a7590aa73f1f1d3fa9a380e654b86af429e0934a32f7d/idna-3.10.tar.gz", hash = "sha256:12f65c9b470abda6dc35cf8e63cc574b1c52b11df2c86030af0ac09b01b13ea9", size = 190490 }
wheels = [
    { url = "https://files.pythonhosted.org/packages/76/c6/c88e154df9c4e1a2a66ccf0005a88dfb2650c1dffb6f5ce603dfbd452ce3/idna-3.10-py3-none-any.whl", hash = "sha256:946d195a0d259cbba61165e88e65941f16e9b36ea6ddb97f00452bae8b1287d3", size = 70442 },
]

[[package]]
name = "legacy-cgi"
version = "2.6.3"
source = { registry = "https://pypi.org/simple" }
sdist = { url = "https://files.pythonhosted.org/packages/a6/ed/300cabc9693209d5a03e2ebc5eb5c4171b51607c08ed84a2b71c9015e0f3/legacy_cgi-2.6.3.tar.gz", hash = "sha256:4c119d6cb8e9d8b6ad7cc0ddad880552c62df4029622835d06dfd18f438a8154", size = 24401 }
wheels = [
    { url = "https://files.pythonhosted.org/packages/5a/33/68c6c38193684537757e0d50a7ccb4f4656e5c2f7cd2be737a9d4a1bff71/legacy_cgi-2.6.3-py3-none-any.whl", hash = "sha256:6df2ea5ae14c71ef6f097f8b6372b44f6685283dc018535a75c924564183cdab", size = 19851 },
]

[[package]]
name = "lxml"
version = "5.3.2"
source = { registry = "https://pypi.org/simple" }
sdist = { url = "https://files.pythonhosted.org/packages/80/61/d3dc048cd6c7be6fe45b80cedcbdd4326ba4d550375f266d9f4246d0f4bc/lxml-5.3.2.tar.gz", hash = "sha256:773947d0ed809ddad824b7b14467e1a481b8976e87278ac4a730c2f7c7fcddc1", size = 3679948 }
wheels = [
    { url = "https://files.pythonhosted.org/packages/19/fe/904fd1b0ba4f42ed5a144fcfff7b8913181892a6aa7aeb361ee783d441f8/lxml-5.3.2-cp313-cp313-macosx_10_13_universal2.whl", hash = "sha256:77626571fb5270ceb36134765f25b665b896243529eefe840974269b083e090d", size = 8173598 },
    { url = "https://files.pythonhosted.org/packages/97/e8/5e332877b3ce4e2840507b35d6dbe1cc33b17678ece945ba48d2962f8c06/lxml-5.3.2-cp313-cp313-macosx_10_13_x86_64.whl", hash = "sha256:78a533375dc7aa16d0da44af3cf6e96035e484c8c6b2b2445541a5d4d3d289ee", size = 4441586 },
    { url = "https://files.pythonhosted.org/packages/de/f4/8fe2e6d8721803182fbce2325712e98f22dbc478126070e62731ec6d54a0/lxml-5.3.2-cp313-cp313-manylinux_2_12_i686.manylinux2010_i686.manylinux_2_17_i686.manylinux2014_i686.whl", hash = "sha256:a6f62b2404b3f3f0744bbcabb0381c5fe186fa2a9a67ecca3603480f4846c585", size = 5038447 },
    { url = "https://files.pythonhosted.org/packages/a6/ac/fa63f86a1a4b1ba8b03599ad9e2f5212fa813223ac60bfe1155390d1cc0c/lxml-5.3.2-cp313-cp313-manylinux_2_17_aarch64.manylinux2014_aarch64.whl", hash = "sha256:2ea918da00091194526d40c30c4996971f09dacab032607581f8d8872db34fbf", size = 4783583 },
    { url = "https://files.pythonhosted.org/packages/1a/7a/08898541296a02c868d4acc11f31a5839d80f5b21d4a96f11d4c0fbed15e/lxml-5.3.2-cp313-cp313-manylinux_2_17_ppc64le.manylinux2014_ppc64le.whl", hash = "sha256:c35326f94702a7264aa0eea826a79547d3396a41ae87a70511b9f6e9667ad31c", size = 5305684 },
    { url = "https://files.pythonhosted.org/packages/0b/be/9a6d80b467771b90be762b968985d3de09e0d5886092238da65dac9c1f75/lxml-5.3.2-cp313-cp313-manylinux_2_17_s390x.manylinux2014_s390x.whl", hash = "sha256:e3bef90af21d31c4544bc917f51e04f94ae11b43156356aff243cdd84802cbf2", size = 4830797 },
    { url = "https://files.pythonhosted.org/packages/8d/1c/493632959f83519802637f7db3be0113b6e8a4e501b31411fbf410735a75/lxml-5.3.2-cp313-cp313-manylinux_2_17_x86_64.manylinux2014_x86_64.whl", hash = "sha256:52fa7ba11a495b7cbce51573c73f638f1dcff7b3ee23697467dc063f75352a69", size = 4950302 },
    { url = "https://files.pythonhosted.org/packages/c7/13/01aa3b92a6b93253b90c061c7527261b792f5ae7724b420cded733bfd5d6/lxml-5.3.2-cp313-cp313-manylinux_2_28_aarch64.whl", hash = "sha256:ad131e2c4d2c3803e736bb69063382334e03648de2a6b8f56a878d700d4b557d", size = 4775247 },
    { url = "https://files.pythonhosted.org/packages/60/4a/baeb09fbf5c84809e119c9cf8e2e94acec326a9b45563bf5ae45a234973b/lxml-5.3.2-cp313-cp313-manylinux_2_28_ppc64le.whl", hash = "sha256:00a4463ca409ceacd20490a893a7e08deec7870840eff33dc3093067b559ce3e", size = 5338824 },
    { url = "https://files.pythonhosted.org/packages/69/c7/a05850f169ad783ed09740ac895e158b06d25fce4b13887a8ac92a84d61c/lxml-5.3.2-cp313-cp313-manylinux_2_28_s390x.whl", hash = "sha256:87e8d78205331cace2b73ac8249294c24ae3cba98220687b5b8ec5971a2267f1", size = 4899079 },
    { url = "https://files.pythonhosted.org/packages/de/48/18ca583aba5235582db0e933ed1af6540226ee9ca16c2ee2d6f504fcc34a/lxml-5.3.2-cp313-cp313-manylinux_2_28_x86_64.whl", hash = "sha256:bf6389133bb255e530a4f2f553f41c4dd795b1fbb6f797aea1eff308f1e11606", size = 4978041 },
    { url = "https://files.pythonhosted.org/packages/b6/55/6968ddc88554209d1dba0dca196360c629b3dfe083bc32a3370f9523a0c4/lxml-5.3.2-cp313-cp313-musllinux_1_2_aarch64.whl", hash = "sha256:b3709fc752b42fb6b6ffa2ba0a5b9871646d97d011d8f08f4d5b3ee61c7f3b2b", size = 4859761 },
    { url = "https://files.pythonhosted.org/packages/2e/52/d2d3baa1e0b7d04a729613160f1562f466fb1a0e45085a33acb0d6981a2b/lxml-5.3.2-cp313-cp313-musllinux_1_2_ppc64le.whl", hash = "sha256:abc795703d0de5d83943a4badd770fbe3d1ca16ee4ff3783d7caffc252f309ae", size = 5418209 },
    { url = "https://files.pythonhosted.org/packages/d3/50/6005b297ba5f858a113d6e81ccdb3a558b95a615772e7412d1f1cbdf22d7/lxml-5.3.2-cp313-cp313-musllinux_1_2_s390x.whl", hash = "sha256:98050830bb6510159f65d9ad1b8aca27f07c01bb3884ba95f17319ccedc4bcf9", size = 5274231 },
    { url = "https://files.pythonhosted.org/packages/fb/33/6f40c09a5f7d7e7fcb85ef75072e53eba3fbadbf23e4991ca069ab2b1abb/lxml-5.3.2-cp313-cp313-musllinux_1_2_x86_64.whl", hash = "sha256:6ba465a91acc419c5682f8b06bcc84a424a7aa5c91c220241c6fd31de2a72bc6", size = 5051899 },
    { url = "https://files.pythonhosted.org/packages/8b/3a/673bc5c0d5fb6596ee2963dd016fdaefaed2c57ede82c7634c08cbda86c1/lxml-5.3.2-cp313-cp313-win32.whl", hash = "sha256:56a1d56d60ea1ec940f949d7a309e0bff05243f9bd337f585721605670abb1c1", size = 3485315 },
    { url = "https://files.pythonhosted.org/packages/8c/be/cab8dd33b0dbe3af5b5d4d24137218f79ea75d540f74eb7d8581195639e0/lxml-5.3.2-cp313-cp313-win_amd64.whl", hash = "sha256:1a580dc232c33d2ad87d02c8a3069d47abbcdce974b9c9cc82a79ff603065dbe", size = 3814639 },
]

[[package]]
name = "pastedeploy"
version = "3.1.0"
source = { registry = "https://pypi.org/simple" }
sdist = { url = "https://files.pythonhosted.org/packages/e3/97/0c4a613ec96a54d21daa7e089178263915554320402e89b4e319436a63cb/PasteDeploy-3.1.0.tar.gz", hash = "sha256:9ddbaf152f8095438a9fe81f82c78a6714b92ae8e066bed418b6a7ff6a095a95", size = 37841 }
wheels = [
    { url = "https://files.pythonhosted.org/packages/85/30/cdddd9a88969683a59222a6d61cd6dce923977f2e9f9ffba38e1324149cd/PasteDeploy-3.1.0-py3-none-any.whl", hash = "sha256:76388ad53a661448d436df28c798063108f70e994ddc749540d733cdbd1b38cf", size = 16943 },
]

[[package]]
name = "plaster"
version = "1.1.2"
source = { registry = "https://pypi.org/simple" }
sdist = { url = "https://files.pythonhosted.org/packages/26/93/66df0f87f1442d8afea8531ae8a4a9eca656006a54eac2b4489427e92c10/plaster-1.1.2.tar.gz", hash = "sha256:f8befc54bf8c1147c10ab40297ec84c2676fa2d4ea5d6f524d9436a80074ef98", size = 33232 }
wheels = [
    { url = "https://files.pythonhosted.org/packages/e7/8b/3f98db1448e3b4d2d142716874a7e02f6101685fdaa0f55a8668e9ffa048/plaster-1.1.2-py2.py3-none-any.whl", hash = "sha256:42992ab1f4865f1278e2ad740e8ad145683bb4022e03534265528f0c23c0df2d", size = 11554 },
]

[[package]]
name = "plaster-pastedeploy"
version = "1.0.1"
source = { registry = "https://pypi.org/simple" }
dependencies = [
    { name = "pastedeploy" },
    { name = "plaster" },
]
sdist = { url = "https://files.pythonhosted.org/packages/c7/af/01a22f73ce97c6375c88d7ceaf6f5f4f345e940da93c94f98833d898a449/plaster_pastedeploy-1.0.1.tar.gz", hash = "sha256:be262e6d2e41a7264875daa2fe2850cbb0615728bcdc92828fdc72736e381412", size = 20915 }
wheels = [
    { url = "https://files.pythonhosted.org/packages/bd/30/2d4cf89035c22a89bf0e34dbc50fdc07c42c9bdc90fd972d495257ad2b6e/plaster_pastedeploy-1.0.1-py2.py3-none-any.whl", hash = "sha256:ad3550cc744648969ed3b810f33c9344f515ee8d8a8cec18e8f2c4a643c2181f", size = 7823 },
]

[[package]]
name = "pyramid"
version = "2.0.2"
source = { registry = "https://pypi.org/simple" }
dependencies = [
    { name = "hupper" },
    { name = "plaster" },
    { name = "plaster-pastedeploy" },
    { name = "setuptools" },
    { name = "translationstring" },
    { name = "venusian" },
    { name = "webob" },
    { name = "zope-deprecation" },
    { name = "zope-interface" },
]
sdist = { url = "https://files.pythonhosted.org/packages/47/c3/5d5736e692fc7ff052577f03136b5edfdf1e2e177eff2f4b91206acae11d/pyramid-2.0.2.tar.gz", hash = "sha256:372138a738e4216535cc76dcce6eddd5a1aaca95130f2354fb834264c06f18de", size = 2637533 }
wheels = [
    { url = "https://files.pythonhosted.org/packages/db/41/a2114b8dd2187ae007e022a2baabdc7937cc78211cefc0c01fc5452193af/pyramid-2.0.2-py3-none-any.whl", hash = "sha256:2e6585ac55c147f0a51bc00dadf72075b3bdd9a871b332ff9e5e04117ccd76fa", size = 247277 },
]

[[package]]
name = "requests"
version = "2.32.3"
source = { registry = "https://pypi.org/simple" }
dependencies = [
    { name = "certifi" },
    { name = "charset-normalizer" },
    { name = "idna" },
    { name = "urllib3" },
]
sdist = { url = "https://files.pythonhosted.org/packages/63/70/2bf7780ad2d390a8d301ad0b550f1581eadbd9a20f896afe06353c2a2913/requests-2.32.3.tar.gz", hash = "sha256:55365417734eb18255590a9ff9eb97e9e1da868d4ccd6402399eaf68af20a760", size = 131218 }
wheels = [
    { url = "https://files.pythonhosted.org/packages/f9/9b/335f9764261e915ed497fcdeb11df5dfd6f7bf257d4a6a2a686d80da4d54/requests-2.32.3-py3-none-any.whl", hash = "sha256:70761cfe03c773ceb22aa2f671b4757976145175cdfca038c02654d061d6dcc6", size = 64928 },
]

[[package]]
name = "setuptools"
version = "79.0.0"
source = { registry = "https://pypi.org/simple" }
sdist = { url = "https://files.pythonhosted.org/packages/7d/19/fecb7e2825616270f34512b3394cdcf6f45a79b5b6d94fdbd86a509e67b5/setuptools-79.0.0.tar.gz", hash = "sha256:9828422e7541213b0aacb6e10bbf9dd8febeaa45a48570e09b6d100e063fc9f9", size = 1367685 }
wheels = [
    { url = "https://files.pythonhosted.org/packages/cc/ea/d53f2f8897c46a36df085964d07761ea4c2d1f2cf92019693b6742b7aabb/setuptools-79.0.0-py3-none-any.whl", hash = "sha256:b9ab3a104bedb292323f53797b00864e10e434a3ab3906813a7169e4745b912a", size = 1256065 },
]

[[package]]
name = "translationstring"
version = "1.4"
source = { registry = "https://pypi.org/simple" }
sdist = { url = "https://files.pythonhosted.org/packages/14/39/32325add93da9439775d7fe4b4887eb7986dbc1d5675b0431f4531f560e5/translationstring-1.4.tar.gz", hash = "sha256:bf947538d76e69ba12ab17283b10355a9ecfbc078e6123443f43f2107f6376f3", size = 24199 }
wheels = [
    { url = "https://files.pythonhosted.org/packages/3b/98/36187601a15e3d37e9bfcf0e0e1055532b39d044353b06861c3a519737a9/translationstring-1.4-py2.py3-none-any.whl", hash = "sha256:5f4dc4d939573db851c8d840551e1a0fb27b946afe3b95aafc22577eed2d6262", size = 15028 },
]

[[package]]
name = "urllib3"
version = "2.4.0"
source = { registry = "https://pypi.org/simple" }
sdist = { url = "https://files.pythonhosted.org/packages/8a/78/16493d9c386d8e60e442a35feac5e00f0913c0f4b7c217c11e8ec2ff53e0/urllib3-2.4.0.tar.gz", hash = "sha256:414bc6535b787febd7567804cc015fee39daab8ad86268f1310a9250697de466", size = 390672 }
wheels = [
    { url = "https://files.pythonhosted.org/packages/6b/11/cc635220681e93a0183390e26485430ca2c7b5f9d33b15c74c2861cb8091/urllib3-2.4.0-py3-none-any.whl", hash = "sha256:4e16665048960a0900c702d4a66415956a584919c03361cac9f1df5c5dd7e813", size = 128680 },
]

[[package]]
name = "venusian"
version = "3.1.1"
source = { registry = "https://pypi.org/simple" }
sdist = { url = "https://files.pythonhosted.org/packages/70/4c/eefa68085c555dc11e6744b9c6fbe5966b1c9378c47267776a448923e9a5/venusian-3.1.1.tar.gz", hash = "sha256:534fb3b355669283eb3954581931e5d1d071fce61d029d58f3219a5e3a6f0c41", size = 39269 }
wheels = [
    { url = "https://files.pythonhosted.org/packages/5a/4b/34d926eba40db81b204066a60b4efdc5d8867a8efcbfe44d69b634b1c907/venusian-3.1.1-py3-none-any.whl", hash = "sha256:0845808a985976acbceaa1fbb871c7fac4fb28ae75453232970e9c2c2866dbf4", size = 14026 },
]

[[package]]
name = "waitress"
version = "3.0.2"
source = { registry = "https://pypi.org/simple" }
sdist = { url = "https://files.pythonhosted.org/packages/bf/cb/04ddb054f45faa306a230769e868c28b8065ea196891f09004ebace5b184/waitress-3.0.2.tar.gz", hash = "sha256:682aaaf2af0c44ada4abfb70ded36393f0e307f4ab9456a215ce0020baefc31f", size = 179901 }
wheels = [
    { url = "https://files.pythonhosted.org/packages/8d/57/a27182528c90ef38d82b636a11f606b0cbb0e17588ed205435f8affe3368/waitress-3.0.2-py3-none-any.whl", hash = "sha256:c56d67fd6e87c2ee598b76abdd4e96cfad1f24cacdea5078d382b1f9d7b5ed2e", size = 56232 },
]

[[package]]
name = "webob"
version = "1.8.9"
source = { registry = "https://pypi.org/simple" }
dependencies = [
    { name = "legacy-cgi" },
]
sdist = { url = "https://files.pythonhosted.org/packages/85/0b/1732085540b01f65e4e7999e15864fe14cd18b12a95731a43fd6fd11b26a/webob-1.8.9.tar.gz", hash = "sha256:ad6078e2edb6766d1334ec3dee072ac6a7f95b1e32ce10def8ff7f0f02d56589", size = 279775 }
wheels = [
    { url = "https://files.pythonhosted.org/packages/50/bd/c336448be43d40be28e71f2e0f3caf7ccb28e2755c58f4c02c065bfe3e8e/WebOb-1.8.9-py2.py3-none-any.whl", hash = "sha256:45e34c58ed0c7e2ecd238ffd34432487ff13d9ad459ddfd77895e67abba7c1f9", size = 115364 },
]

[[package]]
name = "zope-deprecation"
version = "5.1"
source = { registry = "https://pypi.org/simple" }
dependencies = [
    { name = "setuptools" },
]
sdist = { url = "https://files.pythonhosted.org/packages/48/22/0e621e31b5826b2ff121fea5b1ea91173c88f86e182181f012abcc84a51f/zope_deprecation-5.1.tar.gz", hash = "sha256:46bed4611fb53edc731aadeb64b28308bcb848f4cc150c60c948d078f7108721", size = 24453 }
wheels = [
    { url = "https://files.pythonhosted.org/packages/30/88/5fc32633682a452260f50417da3d4be26137dd220ef617bbd8ed52f0cfa9/zope.deprecation-5.1-py3-none-any.whl", hash = "sha256:60f957b964d8f947a4a592c647d51ce0f4f844d1f041657956ddde0d9fa9a76a", size = 10020 },
]

[[package]]
name = "zope-interface"
version = "7.2"
source = { registry = "https://pypi.org/simple" }
dependencies = [
    { name = "setuptools" },
]
sdist = { url = "https://files.pythonhosted.org/packages/30/93/9210e7606be57a2dfc6277ac97dcc864fd8d39f142ca194fdc186d596fda/zope.interface-7.2.tar.gz", hash = "sha256:8b49f1a3d1ee4cdaf5b32d2e738362c7f5e40ac8b46dd7d1a65e82a4872728fe", size = 252960 }
wheels = [
    { url = "https://files.pythonhosted.org/packages/c6/3b/e309d731712c1a1866d61b5356a069dd44e5b01e394b6cb49848fa2efbff/zope.interface-7.2-cp313-cp313-macosx_10_9_x86_64.whl", hash = "sha256:3e0350b51e88658d5ad126c6a57502b19d5f559f6cb0a628e3dc90442b53dd98", size = 208961 },
    { url = "https://files.pythonhosted.org/packages/49/65/78e7cebca6be07c8fc4032bfbb123e500d60efdf7b86727bb8a071992108/zope.interface-7.2-cp313-cp313-macosx_11_0_arm64.whl", hash = "sha256:15398c000c094b8855d7d74f4fdc9e73aa02d4d0d5c775acdef98cdb1119768d", size = 209356 },
    { url = "https://files.pythonhosted.org/packages/11/b1/627384b745310d082d29e3695db5f5a9188186676912c14b61a78bbc6afe/zope.interface-7.2-cp313-cp313-manylinux_2_17_aarch64.manylinux2014_aarch64.whl", hash = "sha256:802176a9f99bd8cc276dcd3b8512808716492f6f557c11196d42e26c01a69a4c", size = 264196 },
    { url = "https://files.pythonhosted.org/packages/b8/f6/54548df6dc73e30ac6c8a7ff1da73ac9007ba38f866397091d5a82237bd3/zope.interface-7.2-cp313-cp313-manylinux_2_5_i686.manylinux1_i686.manylinux_2_17_i686.manylinux2014_i686.whl", hash = "sha256:eb23f58a446a7f09db85eda09521a498e109f137b85fb278edb2e34841055398", size = 259237 },
    { url = "https://files.pythonhosted.org/packages/b6/66/ac05b741c2129fdf668b85631d2268421c5cd1a9ff99be1674371139d665/zope.interface-7.2-cp313-cp313-manylinux_2_5_x86_64.manylinux1_x86_64.manylinux_2_17_x86_64.manylinux2014_x86_64.whl", hash = "sha256:a71a5b541078d0ebe373a81a3b7e71432c61d12e660f1d67896ca62d9628045b", size = 264696 },
    { url = "https://files.pythonhosted.org/packages/0a/2f/1bccc6f4cc882662162a1158cda1a7f616add2ffe322b28c99cb031b4ffc/zope.interface-7.2-cp313-cp313-win_amd64.whl", hash = "sha256:4893395d5dd2ba655c38ceb13014fd65667740f09fa5bb01caa1e6284e48c0cd", size = 212472 },
]
