# generated by rye
# use `rye lock` or `rye sync` to update this lockfile
#
# last locked with the following flags:
#   pre: false
#   features: []
#   all-features: false
#   with-sources: false
#   generate-hashes: false
#   universal: false

-e file:.
cbbuild-database==0.8.0
    # via build-database
cbbuild-manifest==0.7.0
    # via build-database
cbbuild-util==0.7.0
    # via build-database
certifi==2024.7.4
    # via requests
charset-normalizer==3.3.2
    # via requests
couchbase==4.3.0
    # via cbbuild-database
defusedxml==0.7.1
    # via jira
dulwich==0.22.1
    # via cbbuild-util
idna==3.7
    # via requests
jira==3.8.0
    # via build-database
lxml==5.2.2
    # via cbbuild-manifest
    # via cbbuild-util
oauthlib==3.2.2
    # via requests-oauthlib
packaging==24.1
    # via jira
pillow==10.4.0
    # via jira
requests==2.32.3
    # via cbbuild-util
    # via jira
    # via requests-oauthlib
    # via requests-toolbelt
requests-oauthlib==2.0.0
    # via jira
requests-toolbelt==1.0.0
    # via jira
typing-extensions==4.12.2
    # via jira
urllib3==2.2.2
    # via dulwich
    # via requests
